
Microsoft Visual Studio Solution File, Format Version 12.00
# Visual Studio Version 16
VisualStudioVersion = 16.0.28922.388
MinimumVisualStudioVersion = 10.0.40219.1
Project("{9A19103F-16F7-4668-BE54-9A1E7A4F7556}") = "bepuphysics2 for nelalen", "bepuphysics2 for nelalen.csproj", "{6D17C666-5E1F-4E5B-933E-08CD07C43563}"
EndProject
Project("{9A19103F-16F7-4668-BE54-9A1E7A4F7556}") = "BepuPhysics", "..\MOL GAME\CSharp Lib\bepuphysics2\BepuPhysics\BepuPhysics.csproj", "{F414D7AE-979E-452F-9271-365C42BA51C2}"
EndProject
Project("{9A19103F-16F7-4668-BE54-9A1E7A4F7556}") = "BepuUtilities", "..\MOL GAME\CSharp Lib\bepuphysics2\BepuUtilities\BepuUtilities.csproj", "{D014E599-7A1C-4954-A796-4AF25B8056B1}"
EndProject
Project("{9A19103F-16F7-4668-BE54-9A1E7A4F7556}") = "DemoRenderer", "..\MOL GAME\CSharp Lib\bepuphysics2\DemoRenderer\DemoRenderer.csproj", "{582B040E-C544-4A2C-95AB-A3947150BD86}"
EndProject
Global
	GlobalSection(SolutionConfigurationPlatforms) = preSolution
		Debug|Any CPU = Debug|Any CPU
		Release|Any CPU = Release|Any CPU
		ReleaseStrip|Any CPU = ReleaseStrip|Any CPU
		ReleaseStripNoProfiling|Any CPU = ReleaseStripNoProfiling|Any CPU
	EndGlobalSection
	GlobalSection(ProjectConfigurationPlatforms) = postSolution
		{6D17C666-5E1F-4E5B-933E-08CD07C43563}.Debug|Any CPU.ActiveCfg = Debug|Any CPU
		{6D17C666-5E1F-4E5B-933E-08CD07C43563}.Debug|Any CPU.Build.0 = Debug|Any CPU
		{6D17C666-5E1F-4E5B-933E-08CD07C43563}.Release|Any CPU.ActiveCfg = Release|Any CPU
		{6D17C666-5E1F-4E5B-933E-08CD07C43563}.Release|Any CPU.Build.0 = Release|Any CPU
		{6D17C666-5E1F-4E5B-933E-08CD07C43563}.ReleaseStrip|Any CPU.ActiveCfg = Release|Any CPU
		{6D17C666-5E1F-4E5B-933E-08CD07C43563}.ReleaseStrip|Any CPU.Build.0 = Release|Any CPU
		{6D17C666-5E1F-4E5B-933E-08CD07C43563}.ReleaseStripNoProfiling|Any CPU.ActiveCfg = Release|Any CPU
		{6D17C666-5E1F-4E5B-933E-08CD07C43563}.ReleaseStripNoProfiling|Any CPU.Build.0 = Release|Any CPU
		{F414D7AE-979E-452F-9271-365C42BA51C2}.Debug|Any CPU.ActiveCfg = Debug|Any CPU
		{F414D7AE-979E-452F-9271-365C42BA51C2}.Debug|Any CPU.Build.0 = Debug|Any CPU
		{F414D7AE-979E-452F-9271-365C42BA51C2}.Release|Any CPU.ActiveCfg = Release|Any CPU
		{F414D7AE-979E-452F-9271-365C42BA51C2}.Release|Any CPU.Build.0 = Release|Any CPU
		{F414D7AE-979E-452F-9271-365C42BA51C2}.ReleaseStrip|Any CPU.ActiveCfg = ReleaseStrip|Any CPU
		{F414D7AE-979E-452F-9271-365C42BA51C2}.ReleaseStrip|Any CPU.Build.0 = ReleaseStrip|Any CPU
		{F414D7AE-979E-452F-9271-365C42BA51C2}.ReleaseStripNoProfiling|Any CPU.ActiveCfg = ReleaseStripNoProfiling|Any CPU
		{F414D7AE-979E-452F-9271-365C42BA51C2}.ReleaseStripNoProfiling|Any CPU.Build.0 = ReleaseStripNoProfiling|Any CPU
		{D014E599-7A1C-4954-A796-4AF25B8056B1}.Debug|Any CPU.ActiveCfg = Debug|Any CPU
		{D014E599-7A1C-4954-A796-4AF25B8056B1}.Debug|Any CPU.Build.0 = Debug|Any CPU
		{D014E599-7A1C-4954-A796-4AF25B8056B1}.Release|Any CPU.ActiveCfg = Release|Any CPU
		{D014E599-7A1C-4954-A796-4AF25B8056B1}.Release|Any CPU.Build.0 = Release|Any CPU
		{D014E599-7A1C-4954-A796-4AF25B8056B1}.ReleaseStrip|Any CPU.ActiveCfg = ReleaseStrip|Any CPU
		{D014E599-7A1C-4954-A796-4AF25B8056B1}.ReleaseStrip|Any CPU.Build.0 = ReleaseStrip|Any CPU
		{D014E599-7A1C-4954-A796-4AF25B8056B1}.ReleaseStripNoProfiling|Any CPU.ActiveCfg = ReleaseStrip|Any CPU
		{D014E599-7A1C-4954-A796-4AF25B8056B1}.ReleaseStripNoProfiling|Any CPU.Build.0 = ReleaseStrip|Any CPU
		{582B040E-C544-4A2C-95AB-A3947150BD86}.Debug|Any CPU.ActiveCfg = Debug|Any CPU
		{582B040E-C544-4A2C-95AB-A3947150BD86}.Debug|Any CPU.Build.0 = Debug|Any CPU
		{582B040E-C544-4A2C-95AB-A3947150BD86}.Release|Any CPU.ActiveCfg = Release|Any CPU
		{582B040E-C544-4A2C-95AB-A3947150BD86}.Release|Any CPU.Build.0 = Release|Any CPU
		{582B040E-C544-4A2C-95AB-A3947150BD86}.ReleaseStrip|Any CPU.ActiveCfg = Release|Any CPU
		{582B040E-C544-4A2C-95AB-A3947150BD86}.ReleaseStrip|Any CPU.Build.0 = Release|Any CPU
		{582B040E-C544-4A2C-95AB-A3947150BD86}.ReleaseStripNoProfiling|Any CPU.ActiveCfg = Release|Any CPU
		{582B040E-C544-4A2C-95AB-A3947150BD86}.ReleaseStripNoProfiling|Any CPU.Build.0 = Release|Any CPU
	EndGlobalSection
	GlobalSection(SolutionProperties) = preSolution
		HideSolutionNode = FALSE
	EndGlobalSection
	GlobalSection(ExtensibilityGlobals) = postSolution
		SolutionGuid = {6155477F-352D-4AC4-83DB-9C42246C01CD}
	EndGlobalSection
EndGlobal
